Microsoft Visual Studio Solution File, Format Version 12.00
# Visual Studio Version 17
VisualStudioVersion = 17.13.35919.96
MinimumVisualStudioVersion = 10.0.40219.1
Project("{FAE04EC0-301F-11D3-BF4B-00C04F79EFBC}") = "TPWinForm_equipo-5B", "TPWinForm_equipo-5B\TPWinForm_equipo-5B.csproj", "{61CB0A54-AF6E-4EFE-A4A1-640C4ACAA927}"
EndProject
Project("{FAE04EC0-301F-11D3-BF4B-00C04F79EFBC}") = "dominio", "dominio\dominio.csproj", "{148A43DF-95C3-4CD0-9B2D-D814565F901F}"
EndProject
Global
	GlobalSection(SolutionConfigurationPlatforms) = preSolution
		Debug|Any CPU = Debug|Any CPU
		Release|Any CPU = Release|Any CPU
	EndGlobalSection
	GlobalSection(ProjectConfigurationPlatforms) = postSolution
		{61CB0A54-AF6E-4EFE-A4A1-640C4ACAA927}.Debug|Any CPU.ActiveCfg = Debug|Any CPU
		{61CB0A54-AF6E-4EFE-A4A1-640C4ACAA927}.Debug|Any CPU.Build.0 = Debug|Any CPU
		{61CB0A54-AF6E-4EFE-A4A1-640C4ACAA927}.Release|Any CPU.ActiveCfg = Release|Any CPU
		{61CB0A54-AF6E-4EFE-A4A1-640C4ACAA927}.Release|Any CPU.Build.0 = Release|Any CPU
		{148A43DF-95C3-4CD0-9B2D-D814565F901F}.Debug|Any CPU.ActiveCfg = Debug|Any CPU
		{148A43DF-95C3-4CD0-9B2D-D814565F901F}.Debug|Any CPU.Build.0 = Debug|Any CPU
		{148A43DF-95C3-4CD0-9B2D-D814565F901F}.Release|Any CPU.ActiveCfg = Release|Any CPU
		{148A43DF-95C3-4CD0-9B2D-D814565F901F}.Release|Any CPU.Build.0 = Release|Any CPU
	EndGlobalSection
	GlobalSection(SolutionProperties) = preSolution
		HideSolutionNode = FALSE
	EndGlobalSection
	GlobalSection(ExtensibilityGlobals) = postSolution
		SolutionGuid = {268863B5-1039-41F9-8AC7-62D627742116}
	EndGlobalSection
EndGlobal
